
Microsoft Visual Studio Solution File, Format Version 12.00
# Visual Studio Version 17
VisualStudioVersion = 17.4.33213.308
MinimumVisualStudioVersion = 10.0.40219.1
Project("{FAE04EC0-301F-11D3-BF4B-00C04F79EFBC}") = "Task", "Task.csproj", "{B29E4EE8-F7AC-4035-9D26-8702ED5BFE61}"
EndProject
Global
	GlobalSection(SolutionConfigurationPlatforms) = preSolution
		Debug|Any CPU = Debug|Any CPU
		Release|Any CPU = Release|Any CPU
	EndGlobalSection
	GlobalSection(ProjectConfigurationPlatforms) = postSolution
		{B29E4EE8-F7AC-4035-9D26-8702ED5BFE61}.Debug|Any CPU.ActiveCfg = Debug|Any CPU
		{B29E4EE8-F7AC-4035-9D26-8702ED5BFE61}.Debug|Any CPU.Build.0 = Debug|Any CPU
		{B29E4EE8-F7AC-4035-9D26-8702ED5BFE61}.Release|Any CPU.ActiveCfg = Release|Any CPU
		{B29E4EE8-F7AC-4035-9D26-8702ED5BFE61}.Release|Any CPU.Build.0 = Release|Any CPU
	EndGlobalSection
	GlobalSection(SolutionProperties) = preSolution
		HideSolutionNode = FALSE
	EndGlobalSection
	GlobalSection(ExtensibilityGlobals) = postSolution
		SolutionGuid = {8F92721B-665D-40C5-B77E-F3B8C96BE1D2}
	EndGlobalSection
EndGlobal
